
Microsoft Visual Studio Solution File, Format Version 12.00
# Visual Studio Version 17
VisualStudioVersion = 17.0.32126.317
MinimumVisualStudioVersion = 10.0.40219.1
Project("{FAE04EC0-301F-11D3-BF4B-00C04F79EFBC}") = "CodeRabbitsWeb", "CodeRabbitsWeb\CodeRabbitsWeb.csproj", "{59DFEF14-B2E3-4A3A-83A8-1FEEE8552DB8}"
EndProject
Global
	GlobalSection(SolutionConfigurationPlatforms) = preSolution
		Debug|Any CPU = Debug|Any CPU
		Release|Any CPU = Release|Any CPU
	EndGlobalSection
	GlobalSection(ProjectConfigurationPlatforms) = postSolution
		{59DFEF14-B2E3-4A3A-83A8-1FEEE8552DB8}.Debug|Any CPU.ActiveCfg = Debug|Any CPU
		{59DFEF14-B2E3-4A3A-83A8-1FEEE8552DB8}.Debug|Any CPU.Build.0 = Debug|Any CPU
		{59DFEF14-B2E3-4A3A-83A8-1FEEE8552DB8}.Release|Any CPU.ActiveCfg = Release|Any CPU
		{59DFEF14-B2E3-4A3A-83A8-1FEEE8552DB8}.Release|Any CPU.Build.0 = Release|Any CPU
	EndGlobalSection
	GlobalSection(SolutionProperties) = preSolution
		HideSolutionNode = FALSE
	EndGlobalSection
	GlobalSection(ExtensibilityGlobals) = postSolution
		SolutionGuid = {305D134F-C774-40CA-9546-54F84E4D6922}
	EndGlobalSection
EndGlobal
